
Microsoft Visual Studio Solution File, Format Version 12.00
# Visual Studio 2015
Project("{FAE04EC0-301F-11D3-BF4B-00C04F79EFBC}") = "MyStudy.CSharp", "MyStudy.CSharp.csproj", "{FFDFB83C-4387-EBD4-2A60-210B4145D45A}"
EndProject
Project("{FAE04EC0-301F-11D3-BF4B-00C04F79EFBC}") = "MyStudy.CSharp.Editor", "MyStudy.CSharp.Editor.csproj", "{32DE4799-C727-1B08-D7EC-461A498A9B14}"
EndProject
Global
	GlobalSection(SolutionConfigurationPlatforms) = preSolution
		Debug|Any CPU = Debug|Any CPU
		Release|Any CPU = Release|Any CPU
	EndGlobalSection
	GlobalSection(ProjectConfigurationPlatforms) = postSolution
		{FFDFB83C-4387-EBD4-2A60-210B4145D45A}.Debug|Any CPU.ActiveCfg = Debug|Any CPU
		{FFDFB83C-4387-EBD4-2A60-210B4145D45A}.Debug|Any CPU.Build.0 = Debug|Any CPU
		{FFDFB83C-4387-EBD4-2A60-210B4145D45A}.Release|Any CPU.ActiveCfg = Release|Any CPU
		{FFDFB83C-4387-EBD4-2A60-210B4145D45A}.Release|Any CPU.Build.0 = Release|Any CPU
		{32DE4799-C727-1B08-D7EC-461A498A9B14}.Debug|Any CPU.ActiveCfg = Debug|Any CPU
		{32DE4799-C727-1B08-D7EC-461A498A9B14}.Debug|Any CPU.Build.0 = Debug|Any CPU
		{32DE4799-C727-1B08-D7EC-461A498A9B14}.Release|Any CPU.ActiveCfg = Release|Any CPU
		{32DE4799-C727-1B08-D7EC-461A498A9B14}.Release|Any CPU.Build.0 = Release|Any CPU
	EndGlobalSection
	GlobalSection(SolutionProperties) = preSolution
		HideSolutionNode = FALSE
	EndGlobalSection
EndGlobal
